
Microsoft Visual Studio Solution File, Format Version 12.00
# Visual Studio Version 16
VisualStudioVersion = 16.0.31727.386
MinimumVisualStudioVersion = 10.0.40219.1
Project("{FAE04EC0-301F-11D3-BF4B-00C04F79EFBC}") = "Constructor", "CtorInheritancePolymorphism\Constructor.csproj", "{0586131B-F0E2-4D82-85B2-B601BD28C6ED}"
EndProject
Global
	GlobalSection(SolutionConfigurationPlatforms) = preSolution
		Debug|Any CPU = Debug|Any CPU
		Release|Any CPU = Release|Any CPU
	EndGlobalSection
	GlobalSection(ProjectConfigurationPlatforms) = postSolution
		{0586131B-F0E2-4D82-85B2-B601BD28C6ED}.Debug|Any CPU.ActiveCfg = Debug|Any CPU
		{0586131B-F0E2-4D82-85B2-B601BD28C6ED}.Debug|Any CPU.Build.0 = Debug|Any CPU
		{0586131B-F0E2-4D82-85B2-B601BD28C6ED}.Release|Any CPU.ActiveCfg = Release|Any CPU
		{0586131B-F0E2-4D82-85B2-B601BD28C6ED}.Release|Any CPU.Build.0 = Release|Any CPU
	EndGlobalSection
	GlobalSection(SolutionProperties) = preSolution
		HideSolutionNode = FALSE
	EndGlobalSection
	GlobalSection(ExtensibilityGlobals) = postSolution
		SolutionGuid = {C5F2ECB5-B023-4B55-8151-1C38A3CC9EC5}
	EndGlobalSection
EndGlobal
